4d63.com/gochecknoglobals v0.0.0-20190118042838-abbdf6ec0afb h1:2Smwi+MS1WaLT2e7tYIjXXURfnq1tjQJ50y3s4ik6P8=
4d63.com/gochecknoglobals v0.0.0-20190118042838-abbdf6ec0afb/go.mod h1:Sk40JNJmh0koZukOjJfaBNLZazbZthFfHnLHIcZNS6A=
4d63.com/gochecknoinits v0.0.0-20180528051558-14d5915061e5 h1:h34Nn8nf6uCkNqOnLH2SVsxaFOjhMkhaVWcMCDFb4RU=
4d63.com/gochecknoinits v0.0.0-20180528051558-14d5915061e5/go.mod h1:4o1i5aXtIF5tJFt3UD1knCVmWOXg7fLYdHVu6jeNcnM=
cloud.google.com/go v0.23.0 h1:w1svupRqvZnfjN9+KksMiggoIRQuMzWkVzpxcR96xDs=
cloud.google.com/go v0.23.0/go.mod h1:aQUYkXzVsufM+DwF1aE+0xfcU+56JwCaLick0ClmMTw=
github.com/BurntSushi/toml v0.3.1 h1:WXkYYl6Yr3qBf1K79EBnL4mak0OimBfB0XUf9Vl28OQ=
github.com/BurntSushi/toml v0.3.1/go.mod h1:xHWCNGjB5oqiDr8zfno3MHue2Ht5sIBksp03qcyfWMU=
github.com/alecthomas/gocyclo v0.0.0-20150208221726-aa8f8b160214 h1:YI/8G3uLbYyowJeOPVL6BMKe2wbL54h0FdEKmncU6lU=
github.com/alecthomas/gocyclo v0.0.0-20150208221726-aa8f8b160214/go.mod h1:Ef5UOtJdJ5rVFObdOVsrNgKV/Wf4I+daTCSk8GTrHIk=
github.com/alexflint/go-arg v1.0.0 h1:VWNnY3DyBHiq5lcwY2FlCE5t5qyHNV0o5i1bkCIHprU=
github.com/alexflint/go-arg v1.0.0/go.mod h1:Cto8k5VtkP4pp0EXiWD4ZJMFOOinZ38ggVcQ/6CGuRI=
github.com/alexflint/go-scalar v1.0.0 h1:NGupf1XV/Xb04wXskDFzS0KWOLH632W/EO4fAFi+A70=
github.com/alexflint/go-scalar v1.0.0/go.mod h1:GpHzbCOZXEKMEcygYQ5n/aa4Aq84zbxjy3MxYW0gjYw=
github.com/alexkohler/nakedret v0.0.0-20171106223215-c0e305a4f690 h1:+tfdYWf4oDrj9c0/77f5oDBxZT2EPjS1AJf+PApGNCk=
github.com/alexkohler/nakedret v0.0.0-20171106223215-c0e305a4f690/go.mod h1:tfDQbtPt67HhBK/6P0yNktIX7peCxfOp0jO9007DrLE=
github.com/bazelbuild/buildtools v0.0.0-20180226164855-80c7f0d45d7e h1:VuTBHPJNCQ88Okm9ld5SyLCvU50soWJYQYjQFdcDxew=
github.com/bazelbuild/buildtools v0.0.0-20180226164855-80c7f0d45d7e/go.mod h1:5JP0TXzWDHXv8qvxRC4InIazwdyDseBDbzESUMKk1yU=
github.com/beorn7/perks v0.0.0-20160804104726-4c0e84591b9a h1:BtpsbiV638WQZwhA98cEZw2BsbnQJrbd0BI7tsy0W1c=
github.com/beorn7/perks v0.0.0-20160804104726-4c0e84591b9a/go.mod h1:Dwedo/Wpr24TaqPxmxbtue+5NUziq4I4S80YR8gNf3Q=
github.com/bwmarrin/snowflake v0.0.0-20180412010544-68117e6bbede h1:lTJlWdyhwqq7h29GtuIDHW/xi+sMN+JOLMgYAwQ5O74=
github.com/bwmarrin/snowflake v0.0.0-20180412010544-68117e6bbede/go.mod h1:NdZxfVWX+oR6y2K0o6qAYv6gIOP9rjG0/E9WsDpxqwE=
github.com/client9/misspell v0.3.4 h1:ta993UF76GwbvJcIo3Y68y/M3WxlpEHPWIGDkJYwzJI=
github.com/client9/misspell v0.3.4/go.mod h1:qj6jICC3Q7zFZvVWo7KLAzC3yx5G7kyvSDkc90ppPyw=
github.com/davecgh/go-spew v1.1.0/go.mod h1:J7Y8YcW2NihsgmVo/mv3lAwl/skON4iLHjSsI+c5H38=
github.com/davecgh/go-spew v1.1.1 h1:vj9j/u1bqnvCEfJOwUhtlOARqs3+rkHYY13jYWTU97c=
github.com/davecgh/go-spew v1.1.1/go.mod h1:J7Y8YcW2NihsgmVo/mv3lAwl/skON4iLHjSsI+c5H38=
github.com/deckarep/golang-set v0.0.0-20171013212420-1d4478f51bed h1:njG8LmGD6JCWJu4bwIKmkOHvch70UOEIqczl5vp7Gok=
github.com/deckarep/golang-set v0.0.0-20171013212420-1d4478f51bed/go.mod h1:93vsz/8Wt4joVM7c2AVqh+YRMiUSc14yDtF28KmMOgQ=
github.com/fsnotify/fsnotify v1.4.7 h1:IXs+QLmnXW2CcXuY+8Mzv/fWEsPGWxqefPtCP5CnV9I=
github.com/fsnotify/fsnotify v1.4.7/go.mod h1:jwhsz4b93w/PPRr/qN1Yymfu8t87LnFCMoQvtojpjFo=
github.com/ghodss/yaml v1.0.0 h1:wQHKEahhL6wmXdzwWG11gIVCkOv05bNOh+Rxn0yngAk=
github.com/ghodss/yaml v1.0.0/go.mod h1:4dBDuWmgqj2HViK6kFavaiC9ZROes6MMH2rRYeMEF04=
github.com/go-yaml/yaml v2.1.0+incompatible h1:RYi2hDdss1u4YE7GwixGzWwVo47T8UQwnTLB6vQiq+o=
github.com/go-yaml/yaml v2.1.0+incompatible/go.mod h1:w2MrLa16VYP0jy6N7M5kHaCkaLENm+P+Tv+MfurjSw0=
github.com/gogo/protobuf v1.0.0 h1:2jyBKDKU/8v3v2xVR2PtiWQviFUyiaGk2rpfyFT8rTM=
github.com/gogo/protobuf v1.0.0/go.mod h1:r8qH/GZQm5c6nD/R0oafs1akxWv10x8SbQlK7atdtwQ=
github.com/golang/glog v0.0.0-20160126235308-23def4e6c14b h1:VKtxabqXZkF25pY9ekfRL6a582T4P37/31XEstQ5p58=
github.com/golang/glog v0.0.0-20160126235308-23def4e6c14b/go.mod h1:SBH7ygxi8pfUlaOkMMuAQtPIUF8ecWP5IEl/CR7VP2Q=
github.com/golang/lint v0.0.0-20180319214916-85993ffd0a6c h1:r7LK7GmaeiuSi9Jy7FbeMNoB83lsf7uo7xgmWNrg9YE=
github.com/golang/lint v0.0.0-20180319214916-85993ffd0a6c/go.mod h1:tluoj9z5200jBnyusfRPU2LqT6J+DAorxEvtC7LHB+E=
github.com/golang/protobuf v1.2.0 h1:P3YflyNX/ehuJFLhxviNdFxQPkGK5cDcApsge1SqnvM=
github.com/golang/protobuf v1.2.0/go.mod h1:6lQm79b+lXiMfvg/cZm0SGofjICqVBUtrP5yJMmIC1U=
github.com/google/btree v0.0.0-20180813153112-4030bb1f1f0c h1:964Od4U6p2jUkFxvCydnIczKteheJEzHRToSGK3Bnlw=
github.com/google/btree v0.0.0-20180813153112-4030bb1f1f0c/go.mod h1:lNA+9X1NB3Zf8V7Ke586lFgjr2dZNuvo3lPJSGZ5JPQ=
github.com/google/go-cmp v0.2.0 h1:+dTQ8DZQJz0Mb/HjFlkptS1FeQ4cWSnN941F8aEG4SQ=
github.com/google/go-cmp v0.2.0/go.mod h1:oXzfMopK8JAjlY9xF4vHSVASa0yLyX7SntLO5aqRK0M=
github.com/google/go-github v0.0.0-20171108000855-8c08f4fba5e0 h1:a35eq0ruIMahsuI5Vc/S554/B+JTG+ZOxz0h+b7v4Qw=
github.com/google/go-github v0.0.0-20171108000855-8c08f4fba5e0/go.mod h1:zLgOLi98H3fifZn+44m+umXrS52loVEgC2AApnigrVQ=
github.com/google/go-querystring v0.0.0-20170111101155-53e6ce116135 h1:zLTLjkaOFEFIOxY5BWLFLwh+cL8vOBW4XJ2aqLE/Tf0=
github.com/google/go-querystring v0.0.0-20170111101155-53e6ce116135/go.mod h1:odCYkC5MyYFN7vkCjXpyrEuKhc/BUO6wN/zVPAxq5ck=
github.com/google/gofuzz v0.0.0-20170612174753-24818f796faf h1:+RRA9JqSOZFfKrOeqr2z77+8R2RKyh8PG66dcu1V0ck=
github.com/google/gofuzz v0.0.0-20170612174753-24818f796faf/go.mod h1:HP5RmnzzSNb993RKQDq4+1A4ia9nllfqcQFTQJedwGI=
github.com/googleapis/gax-go v2.0.0+incompatible h1:j0GKcs05QVmm7yesiZq2+9cxHkNK9YM6zKx4D2qucQU=
github.com/googleapis/gax-go v2.0.0+incompatible/go.mod h1:SFVmujtThgffbyetf+mdk2eWhX2bMyUtNHzFKcPA9HY=
github.com/googleapis/gnostic v0.2.0 h1:l6N3VoaVzTncYYW+9yOz2LJJammFZGBO13sqgEhpy9g=
github.com/googleapis/gnostic v0.2.0/go.mod h1:sJBsCZ4ayReDTBIg8b9dl28c5xFWyhBTVRp3pOg5EKY=
github.com/gordonklaus/ineffassign v0.0.0-20180909121442-1003c8bd00dc h1:cJlkeAx1QYgO5N80aF5xRGstVsRQwgLR7uA2FnP1ZjY=
github.com/gordonklaus/ineffassign v0.0.0-20180909121442-1003c8bd00dc/go.mod h1:cuNKsD1zp2v6XfE/orVX2QE1LC+i254ceGcVeDT3pTU=
github.com/gorilla/context v0.0.0-20160226214623-1ea25387ff6f h1:9oNbS1z4rVpbnkHBdPZU4jo9bSmrLpII768arSyMFgk=
github.com/gorilla/context v0.0.0-20160226214623-1ea25387ff6f/go.mod h1:kBGZzfjB9CEq2AlWe17Uuf7NDRt0dE0s8S51q0aT7Yg=
github.com/gorilla/securecookie v1.1.1 h1:miw7JPhV+b/lAHSXz4qd/nN9jRiAFV5FwjeKyCS8BvQ=
github.com/gorilla/securecookie v1.1.1/go.mod h1:ra0sb63/xPlUeL+yeDciTfxMRAA+MP+HVt/4epWDjd4=
github.com/gorilla/sessions v0.0.0-20160922145804-ca9ada445741 h1:OuuPl66BpF1q3OEkaPpp+VfzxrBBY62ATGdWqql/XX8=
github.com/gorilla/sessions v0.0.0-20160922145804-ca9ada445741/go.mod h1:+WVp8kdw6VhyKExm03PAMRn2ZxnPtm58pV0dBVPdhHE=
github.com/gregjones/httpcache v0.0.0-20181110185634-c63ab54fda8f h1:ShTPMJQes6tubcjzGMODIVG5hlrCeImaBnZzKF2N8SM=
github.com/gregjones/httpcache v0.0.0-20181110185634-c63ab54fda8f/go.mod h1:FecbI9+v66THATjSRHfNgh1IVFe/9kFxbXtjV0ctIMA=
github.com/hashicorp/errwrap v0.0.0-20141028054710-7554cd9344ce h1:prjrVgOk2Yg6w+PflHoszQNLTUh4kaByUcEWM/9uin4=
github.com/hashicorp/errwrap v0.0.0-20141028054710-7554cd9344ce/go.mod h1:YH+1FKiLXxHSkmPseP+kNlulaMuP3n2brvKWEqk/Jc4=
github.com/hashicorp/go-multierror v0.0.0-20170622060955-83588e72410a h1:RUacJnONqfKgDeok3I3IqMa8e5+B3qzBIbNK4dZK65k=
github.com/hashicorp/go-multierror v0.0.0-20170622060955-83588e72410a/go.mod h1:JMRHfdO9jKNzS/+BTlxCjKNQHg/jZAft8U7LloJvN7I=
github.com/hpcloud/tail v1.0.0 h1:nfCOvKYfkgYP8hkirhJocXT2+zOD8yUNjXaWfTlyFKI=
github.com/hpcloud/tail v1.0.0/go.mod h1:ab1qPbhIpdTxEkNHXyeSf5vhxWSCs/tWer42PpOxQnU=
github.com/imdario/mergo v0.3.6 h1:xTNEAn+kxVO7dTZGu0CegyqKZmoWFI0rF8UxjlB2d28=
github.com/imdario/mergo v0.3.6/go.mod h1:2EnlNZ0deacrJVfApfmtdGgDfMuh/nq6Ok1EcJh5FfA=
github.com/jgautheron/goconst v0.0.0-20170703170152-9740945f5dcb h1:D5s1HIu80AcMGcqmk7fNIVptmAubVHHaj3v5Upex6Zs=
github.com/jgautheron/goconst v0.0.0-20170703170152-9740945f5dcb/go.mod h1:82TxjOpWQiPmywlbIaB2ZkqJoSYJdLGPgAJDvM3PbKc=
github.com/json-iterator/go v1.1.5 h1:gL2yXlmiIo4+t+y32d4WGwOjKGYcGOuyrg46vadswDE=
github.com/json-iterator/go v1.1.5/go.mod h1:+SdeFBvtyEkXs7REEP0seUULqWtbJapLOCVDaaPEHmU=
github.com/kisielk/errcheck v1.2.0 h1:reN85Pxc5larApoH1keMBiu2GWtPqXQ1nc9gx+jOU+E=
github.com/kisielk/errcheck v1.2.0/go.mod h1:/BMXB+zMLi60iA8Vv6Ksmxu/1UDYcXs4uQLJ+jE2L00=
github.com/kisielk/gotool v0.0.0-20161130080628-0de1eaf82fa3 h1:s/sV9geKJwXXzcrFiQdiiIFgfesbREplXWR9ZFgnGSQ=
github.com/kisielk/gotool v0.0.0-20161130080628-0de1eaf82fa3/go.mod h1:jxZFDH7ILpTPQTk+E2s+z4CUas9lVNjIuKR4c5/zKgM=
github.com/knative/build v0.1.0 h1:Zu+P0p8aq+EIeA8fyTzFX7kX7xY3ip+GrYPPkP/HhTI=
github.com/knative/build v0.1.0/go.mod h1:/sU74ZQkwlYA5FwYDJhYTy61i/Kn+5eWfln2jDbw3Qo=
github.com/kr/pretty v0.1.0 h1:L/CwN0zerZDmRFUapSPitk6f+Q3+0za1rQkzVuMiMFI=
github.com/kr/pretty v0.1.0/go.mod h1:dAy3ld7l9f0ibDNOQOHHMYYIIbhfbHSm3C4ZsoJORNo=
github.com/kr/pty v1.1.1/go.mod h1:pFQYn66WHrOpPYNljwOMqo10TkYh1fy3cYio2l3bCsQ=
github.com/kr/text v0.1.0 h1:45sCR5RtlFHMR4UwH9sdQ5TC8v0qDQCHnXt+kaKSTVE=
github.com/kr/text v0.1.0/go.mod h1:4Jbv+DJW3UT/LiOwJeYQe1efqtUx/iVham/4vfdArNI=
github.com/mattn/go-zglob v0.0.0-20180627001149-c436403c742d h1:+/5w9rBfwLFufeFqRfnHfBiWJrBoCKDgAESq6qELHmM=
github.com/mattn/go-zglob v0.0.0-20180627001149-c436403c742d/go.mod h1:9fxibJccNxU2cnpIKLRRFA7zX7qhkJIQWBb449FYHOo=
github.com/matttproud/golang_protobuf_extensions v1.0.0 h1:YNOwxxSJzSUARoD9KRZLzM9Y858MNGCOACTvCW9TSAc=
github.com/matttproud/golang_protobuf_extensions v1.0.0/go.mod h1:D8He9yQNgCq6Z5Ld7szi9bcBfOoFv/3dc6xSMkL2PC0=
github.com/mdempsky/maligned v0.0.0-20180708014732-6e39bd26a8c8 h1:zvpKif6gkrh82wAd2JIffdLyCL52N8r+ABwHxdIOvWM=
github.com/mdempsky/maligned v0.0.0-20180708014732-6e39bd26a8c8/go.mod h1:oGVD62YTpMEWw0JqJ2Vl48dzHywJBMlapkfsmhtokOU=
github.com/mdempsky/unconvert v0.0.0-20190117010209-2db5a8ead8e7 h1:syn64i6nqf+6Y75kD0QlnCoyR1ABqBTyVURPhFZWOKA=
github.com/mdempsky/unconvert v0.0.0-20190117010209-2db5a8ead8e7/go.mod h1:G+0b7u4CERC4XI25lR40h0NhLMGQkht7QKGqzh45VoY=
github.com/mibk/dupl v1.0.0 h1:aZc3jqrF9n0tUHwHt/+jsRxA8cRgA0Gdl56M7W7PoqE=
github.com/mibk/dupl v1.0.0/go.mod h1:pCr4pNxxIbFGvtyCOi0c7LVjmV6duhKWV+ex5vh38ME=
github.com/modern-go/concurrent v0.0.0-20180306012644-bacd9c7ef1dd h1:TRLaZ9cD/w8PVh93nsPXa1VrQ6jlwL5oN8l14QlcNfg=
github.com/modern-go/concurrent v0.0.0-20180306012644-bacd9c7ef1dd/go.mod h1:6dJC0mAP4ikYIbvyc7fijjWJddQyLn8Ig3JB5CqoB9Q=
github.com/modern-go/reflect2 v1.0.1 h1:9f412s+6RmYXLWZSEzVVgPGK7C2PphHj5RJrvfx9AWI=
github.com/modern-go/reflect2 v1.0.1/go.mod h1:bx2lNnkwVCuqBIxFjflWJWanXIb3RllmbCylyMrvgv0=
github.com/mozilla/tls-observatory v0.0.0-20180409132520-8791a200eb40/go.mod h1:SrKMQvPiws7F7iqYp8/TX+IhxCYhzr6N/1yb8cwHsGk=
github.com/nbutton23/zxcvbn-go v0.0.0-20160627004424-a22cb81b2ecd h1:hEzcdYzgmGA1zDrSYdh+OE4H43RrglXdZQ5ip/+93GU=
github.com/nbutton23/zxcvbn-go v0.0.0-20160627004424-a22cb81b2ecd/go.mod h1:o96djdrsSGy3AWPyBgZMAGfxZNfgntdJG+11KU4QvbU=
github.com/onsi/ginkgo v0.0.0-20170829012221-11459a886d9c/go.mod h1:lLunBs/Ym6LB5Z9jYTR76FiuTmxDTDusOGeTQH+WWjE=
github.com/onsi/ginkgo v1.6.0/go.mod h1:lLunBs/Ym6LB5Z9jYTR76FiuTmxDTDusOGeTQH+WWjE=
github.com/onsi/ginkgo v1.7.0 h1:WSHQ+IS43OoUrWtD1/bbclrwK8TTH5hzp+umCiuxHgs=
github.com/onsi/ginkgo v1.7.0/go.mod h1:lLunBs/Ym6LB5Z9jYTR76FiuTmxDTDusOGeTQH+WWjE=
github.com/onsi/gomega v0.0.0-20170829124025-dcabb60a477c/go.mod h1:C1qb7wdrVGGVU+Z6iS04AVkA3Q65CEZX59MT0QO5uiA=
github.com/onsi/gomega v1.4.3 h1:RE1xgDvH7imwFD45h+u2SgIfERHlS2yNG4DObb5BSKU=
github.com/onsi/gomega v1.4.3/go.mod h1:ex+gbHU/CVuBBDIJjb2X0qEXbFg53c61hWP/1CpauHY=
github.com/opennota/check v0.0.0-20180911053232-0c771f5545ff h1:lRHufowVGvUvxGsPveAZOpSa/9T5Gpxg6d7UbHCA9MQ=
github.com/opennota/check v0.0.0-20180911053232-0c771f5545ff/go.mod h1:tydB+MZxWpY8M/NRu7jQhND/mXuLAPsKcSV6JkzofsA=
github.com/peterbourgon/diskv v2.0.1+incompatible h1:UBdAOUP5p4RWqPBg048CAvpKN+vxiaj6gdUUzhl4XmI=
github.com/peterbourgon/diskv v2.0.1+incompatible/go.mod h1:uqqh8zWWbv1HBMNONnaR/tNboyR3/BZd58JJSHlUSCU=
github.com/pmezard/go-difflib v1.0.0 h1:4DBwDE0NGyQoBHbLQYPwSUPoCMWR5BEzIk/f1lZbAQM=
github.com/pmezard/go-difflib v1.0.0/go.mod h1:iKH77koFhYxTK1pcRnkKkqfTogsbg7gZNVY4sRDYZ/4=
github.com/prometheus/client_golang v0.8.0 h1:1921Yw9Gc3iSc4VQh3PIoOqgPCZS7G/4xQNVUp8Mda8=
github.com/prometheus/client_golang v0.8.0/go.mod h1:7SWBe2y4D6OKWSNQJUaRYU/AaXPKyh/dDVn+NZz0KFw=
github.com/prometheus/client_model v0.0.0-20170216185247-6f3806018612 h1:13pIdM2tpaDi4OVe24fgoIS7ZTqMt0QI+bwQsX5hq+g=
github.com/prometheus/client_model v0.0.0-20170216185247-6f3806018612/go.mod h1:MbSGuTsp3dbXC40dX6PRTWyKYBIrTGTE9sqQNg2J8bo=
github.com/prometheus/common v0.0.0-20171104095907-e3fb1a1acd76 h1:g2v6dZgmqj2wYGPgHYX5WVaQ9IwV1ylsSiD+f8RvS1Y=
github.com/prometheus/common v0.0.0-20171104095907-e3fb1a1acd76/go.mod h1:daVV7qP5qjZbuso7PdcryaAu0sAZbrN9i7WWcTMWvro=
github.com/prometheus/procfs v0.0.0-20171017214025-a6e9df898b13 h1:leRfx9kcgnSDkqAFhaaUcRqpAZgnFdwZkZcdRcea1h0=
github.com/prometheus/procfs v0.0.0-20171017214025-a6e9df898b13/go.mod h1:c3At6R/oaqEKCNdg8wHV1ftS6bRYblBhIjjI8uT2IGk=
github.com/rogpeppe/go-internal v1.1.0/go.mod h1:M8bDsm7K2OlrFYOpmOWEs/qY81heoFRclV5y23lUDJ4=
github.com/ryanuber/go-glob v0.0.0-20170128012129-256dc444b735 h1:7YvPJVmEeFHR1Tj9sZEYsmarJEQfMVYpd/Vyy/A8dqE=
github.com/ryanuber/go-glob v0.0.0-20170128012129-256dc444b735/go.mod h1:807d1WSdnB0XRJzKNil9Om6lcp/3a0v4qIHxIXzX/Yc=
github.com/satori/go.uuid v1.2.0 h1:0uYX9dsZ2yD7q2RtLRtPSdGDWzjeM3TbMJP9utgA0ww=
github.com/satori/go.uuid v1.2.0/go.mod h1:dA0hQrYB0VpLJoorglMZABFdXlWrHn1NEOzdhQKdks0=
github.com/securego/gosec v0.0.0-20190122143345-a966ff760c3a h1:Lx1alYRPq0xIYdU/yj4SmQhYk2eFxBOuVYhBSCDxbgo=
github.com/securego/gosec v0.0.0-20190122143345-a966ff760c3a/go.mod h1:m3KbCTwh9vLhm6AKBjE+ALesKilKcQHezI1uVOti0Ks=
github.com/shurcooL/githubv4 v0.0.0-20180925043049-51d7b505e2e9 h1:cppRIvEpuZcSdhbhyJZ/3ThCPYlx6xuZg8Qid/0+bz0=
github.com/shurcooL/githubv4 v0.0.0-20180925043049-51d7b505e2e9/go.mod h1:hAF0iLZy4td2EX+/8Tw+4nodhlMrwN3HupfaXj3zkGo=
github.com/shurcooL/go v0.0.0-20180410215514-47fa5b7ceee6 h1:WqsobZNyIWv3xVI0pgkziPvpqny4wZvufTBYPzOlQNw=
github.com/shurcooL/go v0.0.0-20180410215514-47fa5b7ceee6/go.mod h1:TDJrrUr11Vxrven61rcy3hJMUqaf/CLWYhHNPmT14Lk=
github.com/shurcooL/graphql v0.0.0-20180302221403-3d276b9dcc6b h1:g7taRn8UFRnLp1YqHP+ScI5hc1+2P/jrBm8wpsG9Ies=
github.com/shurcooL/graphql v0.0.0-20180302221403-3d276b9dcc6b/go.mod h1:AuYgA5Kyo4c7HfUmvRGs/6rGlMMV/6B1bVnB9JxJEEg=
github.com/sirupsen/logrus v1.0.4 h1:gzbtLsZC3Ic5PptoRG+kQj4L60qjK7H7XszrU163JNQ=
github.com/sirupsen/logrus v1.0.4/go.mod h1:pMByvHTf9Beacp5x1UXfOR9xyW/9antXMhjMPG0dEzc=
github.com/spf13/pflag v1.0.1 h1:aCvUg6QPl3ibpQUxyLkrEkCHtPqYJL4x9AuhqVqFis4=
github.com/spf13/pflag v1.0.1/go.mod h1:DYY7MBk1bdzusC3SYhjObp+wFpr4gzcvqqNjLnInEg4=
github.com/stretchr/objx v0.1.0/go.mod h1:HFkY916IF+rwdDfMAkV7OtwuqBVzrE8GR6GFx+wExME=
github.com/stretchr/testify v1.2.2/go.mod h1:a8OnRcib4nhh0OaRAV+Yts87kKdq0PP7pXfy6kDkUVs=
github.com/stretchr/testify v1.3.0 h1:TivCn/peBQ7UY8ooIcPgZFpTNSz0Q2U6UrFlUfqbe0Q=
github.com/stretchr/testify v1.3.0/go.mod h1:M5WIy9Dh21IEIfnGCwXGc5bZfKNJtfHm1UVUgZn+9EI=
github.com/stripe/safesql v0.0.0-20171221195208-cddf355596fe h1:g2/0xqQnO8Hnl8dN3/Z9XSeeaM7oKhKXktegZPELyRs=
github.com/stripe/safesql v0.0.0-20171221195208-cddf355596fe/go.mod h1:q7b2n0JmzM1mVGfcYpanfVb2j23cXZeWFxcILPn3JV4=
github.com/tsenart/deadcode v0.0.0-20160724212837-210d2dc333e9 h1:vY5WqiEon0ZSTGM3ayVVi+twaHKHDFUVloaQ/wug9/c=
github.com/tsenart/deadcode v0.0.0-20160724212837-210d2dc333e9/go.mod h1:q+QjxYvZ+fpjMXqs+XEriussHjSYqeXVnAdSV1tkMYk=
github.com/walle/lll v0.0.0-20160702150637-8b13b3fbf731 h1:b7JCW5NchRssZBlI5RffUjBWLNEYQg8g2PwVBZSdCsg=
github.com/walle/lll v0.0.0-20160702150637-8b13b3fbf731/go.mod h1:OjXnoVXDAiJx16YuOKsfCCcyNAFO+fj/Ocwtvh0K5SU=
go.opencensus.io v0.13.0 h1:QKHMRkzPeS4VokdZHF+viaX1F5vqbsAEiH7zEjuf71M=
go.opencensus.io v0.13.0/go.mod h1:UffZAU+4sDEINUGP/B7UfBBkq4fqLu9zXAX7ke6CHW0=
golang.org/x/crypto v0.0.0-20180214000028-650f4a345ab4 h1:OfaUle5HH9Y0obNU74mlOZ/Igdtwi3eGOKcljJsTnbw=
golang.org/x/crypto v0.0.0-20180214000028-650f4a345ab4/go.mod h1:6SG95UA2DQfeDnfUPMdvaQW0Q7yPrPDi9nlGo2tz2b4=
golang.org/x/lint v0.0.0-20181217174547-8f45f776aaf1 h1:rJm0LuqUjoDhSk2zO9ISMSToQxGz7Os2jRiOL8AWu4c=
golang.org/x/lint v0.0.0-20181217174547-8f45f776aaf1/go.mod h1:UVdnD1Gm6xHRNCYTkRU2/jEulfH38KcIWyp/GAMgvoE=
golang.org/x/net v0.0.0-20170915142106-8351a756f30f/go.mod h1:mL1N/T3taQHkDXs73rZJwtUhF3w3ftmwwsq0BUmARs4=
golang.org/x/net v0.0.0-20180906233101-161cd47e91fd h1:nTDtHvHSdCn1m6ITfMRqtOd/9+7a3s8RBNOZ3eYZzJA=
golang.org/x/net v0.0.0-20180906233101-161cd47e91fd/go.mod h1:mL1N/T3taQHkDXs73rZJwtUhF3w3ftmwwsq0BUmARs4=
golang.org/x/oauth2 v0.0.0-20171106152852-9ff8ebcc8e24 h1:nP0LlV1P7+z/qtbjHygz+Bba7QsbB4MqdhGJmAyicuI=
golang.org/x/oauth2 v0.0.0-20171106152852-9ff8ebcc8e24/go.mod h1:N/0e6XlmueqKjAGxoOufVs8QHGRruUQn6yWY3a++T0U=
golang.org/x/sync v0.0.0-20180314180146-1d60e4601c6f h1:wMNYb4v58l5UBM7MYRLPG6ZhfOqbKu7X5eyFl8ZhKvA=
golang.org/x/sync v0.0.0-20180314180146-1d60e4601c6f/go.mod h1:RxMgew5VJxzue5/jJTE5uejpjVlOe/izrB70Jof72aM=
golang.org/x/sys v0.0.0-20171026204733-164713f0dfce/go.mod h1:STP8DvDyc/dI5b8T5hshtkjS+E42TnysNCUPdjciGhY=
golang.org/x/sys v0.0.0-20180909124046-d0be0721c37e h1:o3PsSEY8E4eXWkXrIP9YJALUkVZqzHJT5DOasTyn8Vs=
golang.org/x/sys v0.0.0-20180909124046-d0be0721c37e/go.mod h1:STP8DvDyc/dI5b8T5hshtkjS+E42TnysNCUPdjciGhY=
golang.org/x/text v0.0.0-20170915090833-1cbadb444a80/go.mod h1:NqM8EUOU14njkJ3fqMW+pc6Ldnwhi/IjpwHt7yyuwOQ=
golang.org/x/text v0.3.0 h1:g61tztE5qeGQ89tm6NTjjM9VPIm088od1l6aSorWRWg=
golang.org/x/text v0.3.0/go.mod h1:NqM8EUOU14njkJ3fqMW+pc6Ldnwhi/IjpwHt7yyuwOQ=
golang.org/x/time v0.0.0-20181108054448-85acf8d2951c h1:fqgJT0MGcGpPgpWU7VRdRjuArfcOvC4AoJmILihzhDg=
golang.org/x/time v0.0.0-20181108054448-85acf8d2951c/go.mod h1:tRJNPiyCQ0inRvYxbN9jk5I+vvW/OXSQhTDSoE431IQ=
golang.org/x/tools v0.0.0-20170915040203-e531a2a1c15f/go.mod h1:n7NCudcB/nEzxVGmLbDWY5pfWTLqBcC2KZ6jyYvM4mQ=
golang.org/x/tools v0.0.0-20180416195352-94b14834a201 h1:Ki2DmRhR8SZjCHX4QwUxsbynx6tiXXT4M0yYj6oZsew=
golang.org/x/tools v0.0.0-20180416195352-94b14834a201/go.mod h1:n7NCudcB/nEzxVGmLbDWY5pfWTLqBcC2KZ6jyYvM4mQ=
golang.org/x/tools v0.0.0-20181030221726-6c7e314b6563/go.mod h1:n7NCudcB/nEzxVGmLbDWY5pfWTLqBcC2KZ6jyYvM4mQ=
golang.org/x/tools v0.0.0-20190121143147-24cd39ecf745 h1:aGoTCTvIjOOSnuAeiybrXAIbqAuPVB4DvRXlCrKT02s=
golang.org/x/tools v0.0.0-20190121143147-24cd39ecf745/go.mod h1:n7NCudcB/nEzxVGmLbDWY5pfWTLqBcC2KZ6jyYvM4mQ=
google.golang.org/api v0.0.0-20180131010904-ffa5046912fd h1:P8qjZSvfkGEHH+N+DELB1pFvDdA7SJ7x5pjezw/mZH0=
google.golang.org/api v0.0.0-20180131010904-ffa5046912fd/go.mod h1:4mhQ8q/RsB7i+udVvVy5NUi08OU8ZlA0gRVgrF7VFY0=
google.golang.org/appengine v1.0.0 h1:dN4LljjBKVChsv0XCSI+zbyzdqrkEwX5LQFUMRSGqOc=
google.golang.org/appengine v1.0.0/go.mod h1:EbEs0AVv82hx2wNQdGPgUI5lhzA/G0D9YwlJXL52JkM=
google.golang.org/genproto v0.0.0-20171103030625-11c7f9e547da h1:sYGAnR6gvwiXWfMXJiLUXtU2C3/03O+RRE8VbWJmM0E=
google.golang.org/genproto v0.0.0-20171103030625-11c7f9e547da/go.mod h1:JiN7NxoALGmiZfu7CAH4rXhgtRTLTxftemlI0sWmxmc=
google.golang.org/grpc v1.7.2 h1:Vw1JtR07h6jezLtFKVRNMq5BGqECN1y9dPSEM5f+f7s=
google.golang.org/grpc v1.7.2/go.mod h1:yo6s7OP7yaDglbqo1J04qKzAhqBH6lvTonzMVmEdcZw=
gopkg.in/airbrake/gobrake.v2 v2.0.9 h1:7z2uVWwn7oVeeugY1DtlPAy5H+KYgB1KeKTnqjNatLo=
gopkg.in/airbrake/gobrake.v2 v2.0.9/go.mod h1:/h5ZAUhDkGaJfjzjKLSjv6zCL6O0LLBxU4K+aSYdM/U=
gopkg.in/check.v1 v0.0.0-20161208181325-20d25e280405/go.mod h1:Co6ibVJAznAaIkqp8huTwlJQCZ016jof/cbN4VW5Yz0=
gopkg.in/check.v1 v1.0.0-20180628173108-788fd7840127 h1:qIbj1fsPNlZgppZ+VLlY7N33q108Sa+fhmuc+sWQYwY=
gopkg.in/check.v1 v1.0.0-20180628173108-788fd7840127/go.mod h1:Co6ibVJAznAaIkqp8huTwlJQCZ016jof/cbN4VW5Yz0=
gopkg.in/errgo.v2 v2.1.0/go.mod h1:hNsd1EY+bozCKY1Ytp96fpM3vjJbqLJn88ws8XvfDNI=
gopkg.in/fsnotify.v1 v1.4.7 h1:xOHLXZwVvI9hhs+cLKq5+I5onOuwQLhQwiu63xxlHs4=
gopkg.in/fsnotify.v1 v1.4.7/go.mod h1:Tz8NjZHkW78fSQdbUxIjBTcgA1z1m8ZHf0WmKUhAMys=
gopkg.in/gemnasium/logrus-airbrake-hook.v2 v2.1.2 h1:OAj3g0cR6Dx/R07QgQe8wkA9RNjB2u4i700xBkIT4e0=
gopkg.in/gemnasium/logrus-airbrake-hook.v2 v2.1.2/go.mod h1:Xk6kEKp8OKb+X14hQBKWaSkCsqBpgog8nAV2xsGOxlo=
gopkg.in/inf.v0 v0.9.1 h1:73M5CoZyi3ZLMOyDlQh031Cx6N9NDJ2Vvfl76EDAgDc=
gopkg.in/inf.v0 v0.9.1/go.mod h1:cWUDdTG/fYaXco+Dcufb5Vnc6Gp2YChqWtbxRZE0mXw=
gopkg.in/robfig/cron.v2 v2.0.0-20150107220207-be2e0b0deed5 h1:E846t8CnR+lv5nE+VuiKTDG/v1U2stad0QzddfJC7kY=
gopkg.in/robfig/cron.v2 v2.0.0-20150107220207-be2e0b0deed5/go.mod h1:hiOFpYm0ZJbusNj2ywpbrXowU3G8U6GIQzqn2mw1UIE=
gopkg.in/tomb.v1 v1.0.0-20141024135613-dd632973f1e7 h1:uRGJdciOHaEIrze2W8Q3AKkepLTh2hOroT7a+7czfdQ=
gopkg.in/tomb.v1 v1.0.0-20141024135613-dd632973f1e7/go.mod h1:dt/ZhP58zS4L8KSrWDmTeBkI65Dw0HsyUHuEVlX15mw=
gopkg.in/yaml.v2 v2.0.0-20170812160011-eb3733d160e7/go.mod h1:JAlM8MvJe8wmxCU4Bli9HhUf9+ttbYbLASfIpnQbh74=
gopkg.in/yaml.v2 v2.2.1 h1:mUhvW9EsL+naU5Q3cakzfE91YhliOondGd6ZrsDBHQE=
gopkg.in/yaml.v2 v2.2.1/go.mod h1:hI93XBmqTisBFMUTm0b8Fm+jr3Dg1NNxqwp+5A1VGuI=
honnef.co/go/tools v0.0.0-20190125135159-8e66885c52b0 h1:gvjw7ue3Hr/yCl8+Kcbww8XHDO+ZCeps3Gjr00iRDPI=
honnef.co/go/tools v0.0.0-20190125135159-8e66885c52b0/go.mod h1:rf3lG4BRIbNafJWhAfAdb/ePZxsR/4RtNHQocxwk9r4=
istio.io/test-infra v0.0.0-20190120071912-41205b825cfc h1:7HOKZ2oA5UdMx90j9/VLrq8ur6N4I8NuzIzIdd3OigU=
istio.io/test-infra v0.0.0-20190120071912-41205b825cfc/go.mod h1:T2ZCEzGzq09e03OKu40uWxyW0k7Z0MFDXYoNphUPbAM=
k8s.io/api v0.0.0-20181221193117-173ce66c1e39 h1:iGq7zEPXFb0IeXAQK5RiYT1SVKX/af9F9Wv0M+yudPY=
k8s.io/api v0.0.0-20181221193117-173ce66c1e39/go.mod h1:iuAfoD4hCxJ8Onx9kaTIt30j7jUFS00AXQi6QMi99vA=
k8s.io/apiextensions-apiserver v0.0.0-20190119024419-80a4532647cb h1:qzRasX5+11GdmU3I4NOunPRJva2BB6YsE3lQ7RWXXN0=
k8s.io/apiextensions-apiserver v0.0.0-20190119024419-80a4532647cb/go.mod h1:IxkesAMoaCRoLrPJdZNZUQp9NfZnzqaVzLhb2VEQzXE=
k8s.io/apimachinery v0.0.0-20180228050457-302974c03f7e h1:CsgbEA8905OlpVLNKWD4GacPex50kFbqhotVNPew+dU=
k8s.io/apimachinery v0.0.0-20180228050457-302974c03f7e/go.mod h1:ccL7Eh7zubPUSh9A3USN90/OzHNSVN6zxzde07TDCL0=
k8s.io/client-go v10.0.0+incompatible h1:F1IqCqw7oMBzDkqlcBymRq1450wD0eNqLE9jzUrIi34=
k8s.io/client-go v10.0.0+incompatible/go.mod h1:7vJpHMYJwNQCWgzmNV+VYUl1zCObLyodBc8nIyt8L5s=
k8s.io/klog v0.1.0 h1:I5HMfc/DtuVaGR1KPwUrTc476K8NCqNBldC7H4dYEzk=
k8s.io/klog v0.1.0/go.mod h1:Gq+BEi5rUBO/HRz0bTSXDUcqjScdoY3a9IHpCEIOOfk=
k8s.io/test-infra v0.0.0-20181127230316-bfbc61258394 h1:rUdojAZPv4qa47cBk0DJuNxyEeL6dMSyh1t3RrT/swI=
k8s.io/test-infra v0.0.0-20181127230316-bfbc61258394/go.mod h1:2NzXB13Ji0nqpyublHeiPC4FZwU0TknfvyaaNfl/BTA=
mvdan.cc/interfacer v0.0.0-20180901003855-c20040233aed h1:WX1yoOaKQfddO/mLzdV4wptyWgoH/6hwLs7QHTixo0I=
mvdan.cc/interfacer v0.0.0-20180901003855-c20040233aed/go.mod h1:Xkxe497xwlCKkIaQYRfC7CSLworTXY9RMqwhhCm+8Nc=
mvdan.cc/lint v0.0.0-20170908181259-adc824a0674b h1:DxJ5nJdkhDlLok9K6qO+5290kphDJbHOQO1DFFFTeBo=
mvdan.cc/lint v0.0.0-20170908181259-adc824a0674b/go.mod h1:2odslEg/xrtNQqCYg2/jCoyKnw3vv5biOc3JnIcYfL4=
mvdan.cc/unparam v0.0.0-20190124213536-cc9d2fb52971 h1:INXoeng6RAblgAds8fdt2cAu1Bs/bgr5zq1fdYcuxMI=
mvdan.cc/unparam v0.0.0-20190124213536-cc9d2fb52971/go.mod h1:H6SUd1XjIs+qQCyskXg5OFSrilMRUkD8ePJpHKDPaeY=
sigs.k8s.io/yaml v1.1.0 h1:4A07+ZFc2wgJwo8YNlQpr1rVlgUDlxXHhPJciaPY5gs=
sigs.k8s.io/yaml v1.1.0/go.mod h1:UJmg0vDUVViEyp3mgSv9WPwZCDxu4rQW1olrI1uml+o=
